
Microsoft Visual Studio Solution File, Format Version 12.00
# Visual Studio Version 17
VisualStudioVersion = 17.1.32421.90
MinimumVisualStudioVersion = 10.0.40219.1
Project("{FAE04EC0-301F-11D3-BF4B-00C04F79EFBC}") = "PersonalSiteV2", "PersonalSiteV2\PersonalSiteV2.csproj", "{CA6FAE7B-35CD-47E6-8FC3-0457747F1385}"
EndProject
Global
	GlobalSection(SolutionConfigurationPlatforms) = preSolution
		Debug|Any CPU = Debug|Any CPU
		Release|Any CPU = Release|Any CPU
	EndGlobalSection
	GlobalSection(ProjectConfigurationPlatforms) = postSolution
		{CA6FAE7B-35CD-47E6-8FC3-0457747F1385}.Debug|Any CPU.ActiveCfg = Debug|Any CPU
		{CA6FAE7B-35CD-47E6-8FC3-0457747F1385}.Debug|Any CPU.Build.0 = Debug|Any CPU
		{CA6FAE7B-35CD-47E6-8FC3-0457747F1385}.Release|Any CPU.ActiveCfg = Release|Any CPU
		{CA6FAE7B-35CD-47E6-8FC3-0457747F1385}.Release|Any CPU.Build.0 = Release|Any CPU
	EndGlobalSection
	GlobalSection(SolutionProperties) = preSolution
		HideSolutionNode = FALSE
	EndGlobalSection
	GlobalSection(ExtensibilityGlobals) = postSolution
		SolutionGuid = {F5C6A095-D752-4A60-92DA-A0B5A026C9CB}
	EndGlobalSection
EndGlobal
